{
  "name": "sen",
  "version": "1.0.0",
  "lockfileVersion": 3,
  "requires": true,
  "packages": {
    "": {
      "name": "sen",
      "version": "1.0.0",
      "license": "ISC",
      "dependencies": {
        "format-logs": "^2.0.1"
      }
    },
    "node_modules/format-logs": {
      "version": "2.0.1",
      "resolved": "https://registry.npmjs.org/format-logs/-/format-logs-2.0.1.tgz",
      "integrity": "sha512-g4rIGIFmdoO4NKzCt5pDAmuWBsWLyJRxUgWXBhy8+Kz+8a4y/ESfE0Dk6OPvvK1/j8ZQxGeg1s5OS3TgixadcQ=="
    }
  }
}
